
Microsoft Visual Studio Solution File, Format Version 12.00
# Visual Studio Version 17
VisualStudioVersion = 17.7.34031.279
MinimumVisualStudioVersion = 10.0.40219.1
Project("{FAE04EC0-301F-11D3-BF4B-00C04F79EFBC}") = "Czaja10x10", "Czaja10x10\Czaja10x10.csproj", "{7FBAC20E-DC82-45E1-9A66-25998F4B76DD}"
EndProject
Global
	GlobalSection(SolutionConfigurationPlatforms) = preSolution
		Debug|Any CPU = Debug|Any CPU
		Release|Any CPU = Release|Any CPU
	EndGlobalSection
	GlobalSection(ProjectConfigurationPlatforms) = postSolution
		{7FBAC20E-DC82-45E1-9A66-25998F4B76DD}.Debug|Any CPU.ActiveCfg = Debug|Any CPU
		{7FBAC20E-DC82-45E1-9A66-25998F4B76DD}.Debug|Any CPU.Build.0 = Debug|Any CPU
		{7FBAC20E-DC82-45E1-9A66-25998F4B76DD}.Release|Any CPU.ActiveCfg = Release|Any CPU
		{7FBAC20E-DC82-45E1-9A66-25998F4B76DD}.Release|Any CPU.Build.0 = Release|Any CPU
	EndGlobalSection
	GlobalSection(SolutionProperties) = preSolution
		HideSolutionNode = FALSE
	EndGlobalSection
	GlobalSection(ExtensibilityGlobals) = postSolution
		SolutionGuid = {52F9D8F6-BF73-414C-A478-D4DB52392C7B}
	EndGlobalSection
EndGlobal
